
Microsoft Visual Studio Solution File, Format Version 12.00
# Visual Studio 15
VisualStudioVersion = 15.0.28307.705
MinimumVisualStudioVersion = 10.0.40219.1
Project("{FAE04EC0-301F-11D3-BF4B-00C04F79EFBC}") = "ComputerVisionApplicationDemo", "ComputerVisionApplicationDemo\ComputerVisionApplicationDemo.csproj", "{09B30724-813B-409D-94E8-E116CE1DD2A1}"
EndProject
Project("{FAE04EC0-301F-11D3-BF4B-00C04F79EFBC}") = "CognitiveServicesDemo", "CognitiveServicesDemo\CognitiveServicesDemo.csproj", "{98C41713-FF63-4622-8FB0-EAD1B669E26F}"
EndProject
Global
	GlobalSection(SolutionConfigurationPlatforms) = preSolution
		Debug|Any CPU = Debug|Any CPU
		Release|Any CPU = Release|Any CPU
	EndGlobalSection
	GlobalSection(ProjectConfigurationPlatforms) = postSolution
		{09B30724-813B-409D-94E8-E116CE1DD2A1}.Debug|Any CPU.ActiveCfg = Debug|Any CPU
		{09B30724-813B-409D-94E8-E116CE1DD2A1}.Debug|Any CPU.Build.0 = Debug|Any CPU
		{09B30724-813B-409D-94E8-E116CE1DD2A1}.Release|Any CPU.ActiveCfg = Release|Any CPU
		{09B30724-813B-409D-94E8-E116CE1DD2A1}.Release|Any CPU.Build.0 = Release|Any CPU
		{98C41713-FF63-4622-8FB0-EAD1B669E26F}.Debug|Any CPU.ActiveCfg = Debug|Any CPU
		{98C41713-FF63-4622-8FB0-EAD1B669E26F}.Debug|Any CPU.Build.0 = Debug|Any CPU
		{98C41713-FF63-4622-8FB0-EAD1B669E26F}.Release|Any CPU.ActiveCfg = Release|Any CPU
		{98C41713-FF63-4622-8FB0-EAD1B669E26F}.Release|Any CPU.Build.0 = Release|Any CPU
	EndGlobalSection
	GlobalSection(SolutionProperties) = preSolution
		HideSolutionNode = FALSE
	EndGlobalSection
	GlobalSection(ExtensibilityGlobals) = postSolution
		SolutionGuid = {906B8B52-3864-4F1C-8860-F7CB19F41307}
	EndGlobalSection
EndGlobal
